# This file is automatically @generated by Cargo.
# It is not intended for manual editing.
version = 3

[[package]]
name = "noodles"
version = "0.66.0"
source = "registry+https://github.com/rust-lang/crates.io-index"
checksum = "1f806040f810a3f911dd67246d9361b9e3d149e2b5ed02da43f909835b25fa26"

[[package]]
name = "seg_sites"
version = "0.1.0"
dependencies = [
 "noodles",
]
